{
  "name": "comptrain",
  "version": "1.0.0",
  "lockfileVersion": 3,
  "requires": true,
  "packages": {
    "": {
      "name": "comptrain",
      "version": "1.0.0",
      "license": "MIT",
      "dependencies": {
        "tdesign-miniprogram": "^1.13.0"
      }
    },
    "node_modules/tdesign-miniprogram": {
      "version": "1.13.0",
      "resolved": "https://registry.npmmirror.com/tdesign-miniprogram/-/tdesign-miniprogram-1.13.0.tgz",
      "integrity": "sha512-CaqqOlXCFJdkTh0ZeVRnTHhGz97uLckRA58ADT9Cs+YJXimA7rtAFt7mb+jqLn+v1944U3lyeX6GNy0lctI4zQ==",
      "license": "MIT"
    }
  }
}
